
Microsoft Visual Studio Solution File, Format Version 12.00
# Visual Studio Version 17
VisualStudioVersion = 17.7.34202.233
MinimumVisualStudioVersion = 10.0.40219.1
Project("{FAE04EC0-301F-11D3-BF4B-00C04F79EFBC}") = "RGG_Csharp_dolgozat_01", "RGG_Csharp_dolgozat_01\RGG_Csharp_dolgozat_01.csproj", "{877379F1-729A-4A99-AF55-5AB8C24E4458}"
EndProject
Global
	GlobalSection(SolutionConfigurationPlatforms) = preSolution
		Debug|Any CPU = Debug|Any CPU
		Release|Any CPU = Release|Any CPU
	EndGlobalSection
	GlobalSection(ProjectConfigurationPlatforms) = postSolution
		{877379F1-729A-4A99-AF55-5AB8C24E4458}.Debug|Any CPU.ActiveCfg = Debug|Any CPU
		{877379F1-729A-4A99-AF55-5AB8C24E4458}.Debug|Any CPU.Build.0 = Debug|Any CPU
		{877379F1-729A-4A99-AF55-5AB8C24E4458}.Release|Any CPU.ActiveCfg = Release|Any CPU
		{877379F1-729A-4A99-AF55-5AB8C24E4458}.Release|Any CPU.Build.0 = Release|Any CPU
	EndGlobalSection
	GlobalSection(SolutionProperties) = preSolution
		HideSolutionNode = FALSE
	EndGlobalSection
	GlobalSection(ExtensibilityGlobals) = postSolution
		SolutionGuid = {75E8B499-86AE-4895-B332-7529541B8A75}
	EndGlobalSection
EndGlobal
